// !$*UTF8*$!
{
	archiveVersion = 1;
	classes = {
	};
	objectVersion = 56;
	objects = {

/* Begin PBXBuildFile section */
		050819542C69B0B800AFD9FF /* CostViewController.swift in Sources */ = {isa = PBXBuildFile; fileRef = 050819532C69B0B800AFD9FF /* CostViewController.swift */; };
		050819562C69B13500AFD9FF /* CostFormViewController.swift in Sources */ = {isa = PBXBuildFile; fileRef = 050819552C69B13500AFD9FF /* CostFormViewController.swift */; };
		050819582C69B17100AFD9FF /* MapViewController.swift in Sources */ = {isa = PBXBuildFile; fileRef = 050819572C69B17100AFD9FF /* MapViewController.swift */; };
		0556721C2C69130800B39E38 /* TripViewController.swift in Sources */ = {isa = PBXBuildFile; fileRef = 0556721B2C69130800B39E38 /* TripViewController.swift */; };
		0556721F2C691E6900B39E38 /* TripTableViewCell.swift in Sources */ = {isa = PBXBuildFile; fileRef = 0556721E2C691E6900B39E38 /* TripTableViewCell.swift */; };
		055672212C6920E700B39E38 /* TripFormViewController.swift in Sources */ = {isa = PBXBuildFile; fileRef = 055672202C6920E700B39E38 /* TripFormViewController.swift */; };
		055672232C69732C00B39E38 /* HomeViewController.swift in Sources */ = {isa = PBXBuildFile; fileRef = 055672222C69732C00B39E38 /* HomeViewController.swift */; };
		05A4D0D82C6757D200274659 /* AppDelegate.swift in Sources */ = {isa = PBXBuildFile; fileRef = 05A4D0D72C6757D200274659 /* AppDelegate.swift */; };
		05A4D0DA2C6757D200274659 /* SceneDelegate.swift in Sources */ = {isa = PBXBuildFile; fileRef = 05A4D0D92C6757D200274659 /* SceneDelegate.swift */; };
		05A4D0DC2C6757D200274659 /* ViewController.swift in Sources */ = {isa = PBXBuildFile; fileRef = 05A4D0DB2C6757D200274659 /* ViewController.swift */; };
		05A4D0DF2C6757D200274659 /* Main.storyboard in Resources */ = {isa = PBXBuildFile; fileRef = 05A4D0DD2C6757D200274659 /* Main.storyboard */; };
		05A4D0E22C6757D200274659 /* VoyageMate.xcdatamodeld in Sources */ = {isa = PBXBuildFile; fileRef = 05A4D0E02C6757D200274659 /* VoyageMate.xcdatamodeld */; };
		05A4D0E42C6757D400274659 /* Assets.xcassets in Resources */ = {isa = PBXBuildFile; fileRef = 05A4D0E32C6757D400274659 /* Assets.xcassets */; };
		05A4D0E72C6757D400274659 /* LaunchScreen.storyboard in Resources */ = {isa = PBXBuildFile; fileRef = 05A4D0E52C6757D400274659 /* LaunchScreen.storyboard */; };
		05A4D0F22C6757D400274659 /* VoyageMateTests.swift in Sources */ = {isa = PBXBuildFile; fileRef = 05A4D0F12C6757D400274659 /* VoyageMateTests.swift */; };
		05A4D0FC2C6757D400274659 /* VoyageMateUITests.swift in Sources */ = {isa = PBXBuildFile; fileRef = 05A4D0FB2C6757D400274659 /* VoyageMateUITests.swift */; };
		05A4D0FE2C6757D400274659 /* VoyageMateUITestsLaunchTests.swift in Sources */ = {isa = PBXBuildFile; fileRef = 05A4D0FD2C6757D400274659 /* VoyageMateUITestsLaunchTests.swift */; };
		05F4F96D2C698120004961C2 /* TripDetailsViewController.swift in Sources */ = {isa = PBXBuildFile; fileRef = 05F4F96C2C698120004961C2 /* TripDetailsViewController.swift */; };
		E73BE7082C6AA546000D6A9C /* Trip+CoreDataClass.swift in Sources */ = {isa = PBXBuildFile; fileRef = E73BE7042C6AA546000D6A9C /* Trip+CoreDataClass.swift */; };
		E73BE7092C6AA546000D6A9C /* Trip+CoreDataProperties.swift in Sources */ = {isa = PBXBuildFile; fileRef = E73BE7052C6AA546000D6A9C /* Trip+CoreDataProperties.swift */; };
		E73BE70A2C6AA546000D6A9C /* Cost+CoreDataClass.swift in Sources */ = {isa = PBXBuildFile; fileRef = E73BE7062C6AA546000D6A9C /* Cost+CoreDataClass.swift */; };
		E73BE70B2C6AA546000D6A9C /* Cost+CoreDataProperties.swift in Sources */ = {isa = PBXBuildFile; fileRef = E73BE7072C6AA546000D6A9C /* Cost+CoreDataProperties.swift */; };
		E73BE70D2C6AA950000D6A9C /* Trip+CoreDataExtend.swift in Sources */ = {isa = PBXBuildFile; fileRef = E73BE70C2C6AA950000D6A9C /* Trip+CoreDataExtend.swift */; };
		E73BE7122C6AC845000D6A9C /* TabBarViewController.swift in Sources */ = {isa = PBXBuildFile; fileRef = E73BE7112C6AC845000D6A9C /* TabBarViewController.swift */; };
		E75304562C6FD11F00DCE20B /* Weather.swift in Sources */ = {isa = PBXBuildFile; fileRef = E75304552C6FD11F00DCE20B /* Weather.swift */; };
		E75304592C6FD1AF00DCE20B /* WeatherAPI.swift in Sources */ = {isa = PBXBuildFile; fileRef = E75304582C6FD1AF00DCE20B /* WeatherAPI.swift */; };
		E753045B2C6FD3EA00DCE20B /* Settings.prod.swift in Sources */ = {isa = PBXBuildFile; fileRef = E753045A2C6FD3EA00DCE20B /* Settings.prod.swift */; };
		E753045D2C6FD41300DCE20B /* Settings.dev.swift in Sources */ = {isa = PBXBuildFile; fileRef = E753045C2C6FD41300DCE20B /* Settings.dev.swift */; };
		E75304612C6FDAAB00DCE20B /* ForecastViewController.swift in Sources */ = {isa = PBXBuildFile; fileRef = E75304602C6FDAAB00DCE20B /* ForecastViewController.swift */; };
		E75304632C6FF64C00DCE20B /* ForecastTableViewCell.swift in Sources */ = {isa = PBXBuildFile; fileRef = E75304622C6FF64C00DCE20B /* ForecastTableViewCell.swift */; };
		E75304662C70FCA900DCE20B /* TextArea.swift in Sources */ = {isa = PBXBuildFile; fileRef = E75304652C70FCA900DCE20B /* TextArea.swift */; };
		E75304682C7141A000DCE20B /* AboutViewController.swift in Sources */ = {isa = PBXBuildFile; fileRef = E75304672C7141A000DCE20B /* AboutViewController.swift */; };
		E75B0ED82C6FC381005D69CC /* CostTableViewCell.swift in Sources */ = {isa = PBXBuildFile; fileRef = E75B0ED72C6FC381005D69CC /* CostTableViewCell.swift */; };
		E76B8FFC2C6BEE1000D2ADB4 /* Landmark.swift in Sources */ = {isa = PBXBuildFile; fileRef = E76B8FFB2C6BEE1000D2ADB4 /* Landmark.swift */; };
/* End PBXBuildFile section */

/* Begin PBXContainerItemProxy section */
		05A4D0EE2C6757D400274659 /* PBXContainerItemProxy */ = {
			isa = PBXContainerItemProxy;
			containerPortal = 05A4D0CC2C6757D200274659 /* Project object */;
			proxyType = 1;
			remoteGlobalIDString = 05A4D0D32C6757D200274659;
			remoteInfo = VoyageMate;
		};
		05A4D0F82C6757D400274659 /* PBXContainerItemProxy */ = {
			isa = PBXContainerItemProxy;
			containerPortal = 05A4D0CC2C6757D200274659 /* Project object */;
			proxyType = 1;
			remoteGlobalIDString = 05A4D0D32C6757D200274659;
			remoteInfo = VoyageMate;
		};
/* End PBXContainerItemProxy section */

/* Begin PBXFileReference section */
		050819532C69B0B800AFD9FF /* CostViewController.swift */ = {isa = PBXFileReference; lastKnownFileType = sourcecode.swift; path = CostViewController.swift; sourceTree = "<group>"; };
		050819552C69B13500AFD9FF /* CostFormViewController.swift */ = {isa = PBXFileReference; lastKnownFileType = sourcecode.swift; path = CostFormViewController.swift; sourceTree = "<group>"; };
		050819572C69B17100AFD9FF /* MapViewController.swift */ = {isa = PBXFileReference; lastKnownFileType = sourcecode.swift; path = MapViewController.swift; sourceTree = "<group>"; };
		0556721B2C69130800B39E38 /* TripViewController.swift */ = {isa = PBXFileReference; lastKnownFileType = sourcecode.swift; path = TripViewController.swift; sourceTree = "<group>"; };
		0556721E2C691E6900B39E38 /* TripTableViewCell.swift */ = {isa = PBXFileReference; lastKnownFileType = sourcecode.swift; path = TripTableViewCell.swift; sourceTree = "<group>"; };
		055672202C6920E700B39E38 /* TripFormViewController.swift */ = {isa = PBXFileReference; lastKnownFileType = sourcecode.swift; path = TripFormViewController.swift; sourceTree = "<group>"; };
		055672222C69732C00B39E38 /* HomeViewController.swift */ = {isa = PBXFileReference; lastKnownFileType = sourcecode.swift; path = HomeViewController.swift; sourceTree = "<group>"; };
		05A4D0D42C6757D200274659 /* VoyageMate.app */ = {isa = PBXFileReference; explicitFileType = wrapper.application; includeInIndex = 0; path = VoyageMate.app; sourceTree = BUILT_PRODUCTS_DIR; };
		05A4D0D72C6757D200274659 /* AppDelegate.swift */ = {isa = PBXFileReference; lastKnownFileType = sourcecode.swift; path = AppDelegate.swift; sourceTree = "<group>"; };
		05A4D0D92C6757D200274659 /* SceneDelegate.swift */ = {isa = PBXFileReference; lastKnownFileType = sourcecode.swift; path = SceneDelegate.swift; sourceTree = "<group>"; };
		05A4D0DB2C6757D200274659 /* ViewController.swift */ = {isa = PBXFileReference; lastKnownFileType = sourcecode.swift; path = ViewController.swift; sourceTree = "<group>"; };
		05A4D0DE2C6757D200274659 /* Base */ = {isa = PBXFileReference; lastKnownFileType = file.storyboard; name = Base; path = Base.lproj/Main.storyboard; sourceTree = "<group>"; };
		05A4D0E12C6757D200274659 /* VoyageMate.xcdatamodel */ = {isa = PBXFileReference; lastKnownFileType = wrapper.xcdatamodel; path = VoyageMate.xcdatamodel; sourceTree = "<group>"; };
		05A4D0E32C6757D400274659 /* Assets.xcassets */ = {isa = PBXFileReference; lastKnownFileType = folder.assetcatalog; path = Assets.xcassets; sourceTree = "<group>"; };
		05A4D0E62C6757D400274659 /* Base */ = {isa = PBXFileReference; lastKnownFileType = file.storyboard; name = Base; path = Base.lproj/LaunchScreen.storyboard; sourceTree = "<group>"; };
		05A4D0E82C6757D400274659 /* Info.plist */ = {isa = PBXFileReference; lastKnownFileType = text.plist.xml; path = Info.plist; sourceTree = "<group>"; };
		05A4D0ED2C6757D400274659 /* VoyageMateTests.xctest */ = {isa = PBXFileReference; explicitFileType = wrapper.cfbundle; includeInIndex = 0; path = VoyageMateTests.xctest; sourceTree = BUILT_PRODUCTS_DIR; };
		05A4D0F12C6757D400274659 /* VoyageMateTests.swift */ = {isa = PBXFileReference; lastKnownFileType = sourcecode.swift; path = VoyageMateTests.swift; sourceTree = "<group>"; };
		05A4D0F72C6757D400274659 /* VoyageMateUITests.xctest */ = {isa = PBXFileReference; explicitFileType = wrapper.cfbundle; includeInIndex = 0; path = VoyageMateUITests.xctest; sourceTree = BUILT_PRODUCTS_DIR; };
		05A4D0FB2C6757D400274659 /* VoyageMateUITests.swift */ = {isa = PBXFileReference; lastKnownFileType = sourcecode.swift; path = VoyageMateUITests.swift; sourceTree = "<group>"; };
		05A4D0FD2C6757D400274659 /* VoyageMateUITestsLaunchTests.swift */ = {isa = PBXFileReference; lastKnownFileType = sourcecode.swift; path = VoyageMateUITestsLaunchTests.swift; sourceTree = "<group>"; };
		05F4F96C2C698120004961C2 /* TripDetailsViewController.swift */ = {isa = PBXFileReference; lastKnownFileType = sourcecode.swift; path = TripDetailsViewController.swift; sourceTree = "<group>"; };
		E73BE7042C6AA546000D6A9C /* Trip+CoreDataClass.swift */ = {isa = PBXFileReference; lastKnownFileType = sourcecode.swift; path = "Trip+CoreDataClass.swift"; sourceTree = "<group>"; };
		E73BE7052C6AA546000D6A9C /* Trip+CoreDataProperties.swift */ = {isa = PBXFileReference; lastKnownFileType = sourcecode.swift; path = "Trip+CoreDataProperties.swift"; sourceTree = "<group>"; };
		E73BE7062C6AA546000D6A9C /* Cost+CoreDataClass.swift */ = {isa = PBXFileReference; lastKnownFileType = sourcecode.swift; path = "Cost+CoreDataClass.swift"; sourceTree = "<group>"; };
		E73BE7072C6AA546000D6A9C /* Cost+CoreDataProperties.swift */ = {isa = PBXFileReference; lastKnownFileType = sourcecode.swift; path = "Cost+CoreDataProperties.swift"; sourceTree = "<group>"; };
		E73BE70C2C6AA950000D6A9C /* Trip+CoreDataExtend.swift */ = {isa = PBXFileReference; lastKnownFileType = sourcecode.swift; path = "Trip+CoreDataExtend.swift"; sourceTree = "<group>"; };
		E73BE7112C6AC845000D6A9C /* TabBarViewController.swift */ = {isa = PBXFileReference; lastKnownFileType = sourcecode.swift; name = TabBarViewController.swift; path = VoyageMate/ViewController/TabBarViewController.swift; sourceTree = SOURCE_ROOT; };
		E75304552C6FD11F00DCE20B /* Weather.swift */ = {isa = PBXFileReference; lastKnownFileType = sourcecode.swift; path = Weather.swift; sourceTree = "<group>"; };
		E75304582C6FD1AF00DCE20B /* WeatherAPI.swift */ = {isa = PBXFileReference; lastKnownFileType = sourcecode.swift; path = WeatherAPI.swift; sourceTree = "<group>"; };
		E753045A2C6FD3EA00DCE20B /* Settings.prod.swift */ = {isa = PBXFileReference; lastKnownFileType = sourcecode.swift; path = Settings.prod.swift; sourceTree = "<group>"; };
		E753045C2C6FD41300DCE20B /* Settings.dev.swift */ = {isa = PBXFileReference; lastKnownFileType = sourcecode.swift; path = Settings.dev.swift; sourceTree = "<group>"; };
		E75304602C6FDAAB00DCE20B /* ForecastViewController.swift */ = {isa = PBXFileReference; lastKnownFileType = sourcecode.swift; path = ForecastViewController.swift; sourceTree = "<group>"; };
		E75304622C6FF64C00DCE20B /* ForecastTableViewCell.swift */ = {isa = PBXFileReference; lastKnownFileType = sourcecode.swift; path = ForecastTableViewCell.swift; sourceTree = "<group>"; };
		E75304652C70FCA900DCE20B /* TextArea.swift */ = {isa = PBXFileReference; lastKnownFileType = sourcecode.swift; path = TextArea.swift; sourceTree = "<group>"; };
		E75304672C7141A000DCE20B /* AboutViewController.swift */ = {isa = PBXFileReference; lastKnownFileType = sourcecode.swift; path = AboutViewController.swift; sourceTree = "<group>"; };
		E75B0ED72C6FC381005D69CC /* CostTableViewCell.swift */ = {isa = PBXFileReference; lastKnownFileType = sourcecode.swift; path = CostTableViewCell.swift; sourceTree = "<group>"; };
		E76B8FFB2C6BEE1000D2ADB4 /* Landmark.swift */ = {isa = PBXFileReference; lastKnownFileType = sourcecode.swift; path = Landmark.swift; sourceTree = "<group>"; };
/* End PBXFileReference section */

/* Begin PBXFrameworksBuildPhase section */
		05A4D0D12C6757D200274659 /* Frameworks */ = {
			isa = PBXFrameworksBuildPhase;
			buildActionMask = 2147483647;
			files = (
			);
			runOnlyForDeploymentPostprocessing = 0;
		};
		05A4D0EA2C6757D400274659 /* Frameworks */ = {
			isa = PBXFrameworksBuildPhase;
			buildActionMask = 2147483647;
			files = (
			);
			runOnlyForDeploymentPostprocessing = 0;
		};
		05A4D0F42C6757D400274659 /* Frameworks */ = {
			isa = PBXFrameworksBuildPhase;
			buildActionMask = 2147483647;
			files = (
			);
			runOnlyForDeploymentPostprocessing = 0;
		};
/* End PBXFrameworksBuildPhase section */

/* Begin PBXGroup section */
		055672142C6908FE00B39E38 /* CoreData */ = {
			isa = PBXGroup;
			children = (
				E73BE7042C6AA546000D6A9C /* Trip+CoreDataClass.swift */,
				E73BE7052C6AA546000D6A9C /* Trip+CoreDataProperties.swift */,
				E73BE7062C6AA546000D6A9C /* Cost+CoreDataClass.swift */,
				E73BE7072C6AA546000D6A9C /* Cost+CoreDataProperties.swift */,
				E73BE70C2C6AA950000D6A9C /* Trip+CoreDataExtend.swift */,
			);
			path = CoreData;
			sourceTree = "<group>";
		};
		055672152C6909CB00B39E38 /* ViewController */ = {
			isa = PBXGroup;
			children = (
				E73BE7112C6AC845000D6A9C /* TabBarViewController.swift */,
				0556721B2C69130800B39E38 /* TripViewController.swift */,
				055672202C6920E700B39E38 /* TripFormViewController.swift */,
				055672222C69732C00B39E38 /* HomeViewController.swift */,
				05F4F96C2C698120004961C2 /* TripDetailsViewController.swift */,
				050819532C69B0B800AFD9FF /* CostViewController.swift */,
				050819552C69B13500AFD9FF /* CostFormViewController.swift */,
				050819572C69B17100AFD9FF /* MapViewController.swift */,
				E75304602C6FDAAB00DCE20B /* ForecastViewController.swift */,
				E75304672C7141A000DCE20B /* AboutViewController.swift */,
			);
			path = ViewController;
			sourceTree = "<group>";
		};
		0556721D2C691E3D00B39E38 /* TableView */ = {
			isa = PBXGroup;
			children = (
				0556721E2C691E6900B39E38 /* TripTableViewCell.swift */,
				E75B0ED72C6FC381005D69CC /* CostTableViewCell.swift */,
				E75304622C6FF64C00DCE20B /* ForecastTableViewCell.swift */,
			);
			path = TableView;
			sourceTree = "<group>";
		};
		05A4D0CB2C6757D200274659 = {
			isa = PBXGroup;
			children = (
				05A4D0D62C6757D200274659 /* VoyageMate */,
				05A4D0F02C6757D400274659 /* VoyageMateTests */,
				05A4D0FA2C6757D400274659 /* VoyageMateUITests */,
				05A4D0D52C6757D200274659 /* Products */,
			);
			sourceTree = "<group>";
		};
		05A4D0D52C6757D200274659 /* Products */ = {
			isa = PBXGroup;
			children = (
				05A4D0D42C6757D200274659 /* VoyageMate.app */,
				05A4D0ED2C6757D400274659 /* VoyageMateTests.xctest */,
				05A4D0F72C6757D400274659 /* VoyageMateUITests.xctest */,
			);
			name = Products;
			sourceTree = "<group>";
		};
		05A4D0D62C6757D200274659 /* VoyageMate */ = {
			isa = PBXGroup;
			children = (
				E75304642C70FC8700DCE20B /* UI */,
				E75304572C6FD17D00DCE20B /* APIs */,
				E73BE7102C6AC7CF000D6A9C /* Models */,
				0556721D2C691E3D00B39E38 /* TableView */,
				055672152C6909CB00B39E38 /* ViewController */,
				05A4D0D72C6757D200274659 /* AppDelegate.swift */,
				05A4D0D92C6757D200274659 /* SceneDelegate.swift */,
				05A4D0DB2C6757D200274659 /* ViewController.swift */,
				05A4D0DD2C6757D200274659 /* Main.storyboard */,
				05A4D0E32C6757D400274659 /* Assets.xcassets */,
				05A4D0E52C6757D400274659 /* LaunchScreen.storyboard */,
				05A4D0E82C6757D400274659 /* Info.plist */,
				05A4D0E02C6757D200274659 /* VoyageMate.xcdatamodeld */,
				E753045A2C6FD3EA00DCE20B /* Settings.prod.swift */,
				E753045C2C6FD41300DCE20B /* Settings.dev.swift */,
			);
			path = VoyageMate;
			sourceTree = "<group>";
		};
		05A4D0F02C6757D400274659 /* VoyageMateTests */ = {
			isa = PBXGroup;
			children = (
				05A4D0F12C6757D400274659 /* VoyageMateTests.swift */,
			);
			path = VoyageMateTests;
			sourceTree = "<group>";
		};
		05A4D0FA2C6757D400274659 /* VoyageMateUITests */ = {
			isa = PBXGroup;
			children = (
				05A4D0FB2C6757D400274659 /* VoyageMateUITests.swift */,
				05A4D0FD2C6757D400274659 /* VoyageMateUITestsLaunchTests.swift */,
			);
			path = VoyageMateUITests;
			sourceTree = "<group>";
		};
		E73BE7102C6AC7CF000D6A9C /* Models */ = {
			isa = PBXGroup;
			children = (
				055672142C6908FE00B39E38 /* CoreData */,
				E76B8FFB2C6BEE1000D2ADB4 /* Landmark.swift */,
				E75304552C6FD11F00DCE20B /* Weather.swift */,
			);
			path = Models;
			sourceTree = "<group>";
		};
		E75304572C6FD17D00DCE20B /* APIs */ = {
			isa = PBXGroup;
			children = (
				E75304582C6FD1AF00DCE20B /* WeatherAPI.swift */,
			);
			path = APIs;
			sourceTree = "<group>";
		};
		E75304642C70FC8700DCE20B /* UI */ = {
			isa = PBXGroup;
			children = (
				E75304652C70FCA900DCE20B /* TextArea.swift */,
			);
			path = UI;
			sourceTree = "<group>";
		};
/* End PBXGroup section */

/* Begin PBXNativeTarget section */
		05A4D0D32C6757D200274659 /* VoyageMate */ = {
			isa = PBXNativeTarget;
			buildConfigurationList = 05A4D1012C6757D400274659 /* Build configuration list for PBXNativeTarget "VoyageMate" */;
			buildPhases = (
				05A4D0D02C6757D200274659 /* Sources */,
				05A4D0D12C6757D200274659 /* Frameworks */,
				05A4D0D22C6757D200274659 /* Resources */,
			);
			buildRules = (
			);
			dependencies = (
			);
			name = VoyageMate;
			productName = VoyageMate;
			productReference = 05A4D0D42C6757D200274659 /* VoyageMate.app */;
			productType = "com.apple.product-type.application";
		};
		05A4D0EC2C6757D400274659 /* VoyageMateTests */ = {
			isa = PBXNativeTarget;
			buildConfigurationList = 05A4D1042C6757D400274659 /* Build configuration list for PBXNativeTarget "VoyageMateTests" */;
			buildPhases = (
				05A4D0E92C6757D400274659 /* Sources */,
				05A4D0EA2C6757D400274659 /* Frameworks */,
				05A4D0EB2C6757D400274659 /* Resources */,
			);
			buildRules = (
			);
			dependencies = (
				05A4D0EF2C6757D400274659 /* PBXTargetDependency */,
			);
			name = VoyageMateTests;
			productName = VoyageMateTests;
			productReference = 05A4D0ED2C6757D400274659 /* VoyageMateTests.xctest */;
			productType = "com.apple.product-type.bundle.unit-test";
		};
		05A4D0F62C6757D400274659 /* VoyageMateUITests */ = {
			isa = PBXNativeTarget;
			buildConfigurationList = 05A4D1072C6757D400274659 /* Build configuration list for PBXNativeTarget "VoyageMateUITests" */;
			buildPhases = (
				05A4D0F32C6757D400274659 /* Sources */,
				05A4D0F42C6757D400274659 /* Frameworks */,
				05A4D0F52C6757D400274659 /* Resources */,
			);
			buildRules = (
			);
			dependencies = (
				05A4D0F92C6757D400274659 /* PBXTargetDependency */,
			);
			name = VoyageMateUITests;
			productName = VoyageMateUITests;
			productReference = 05A4D0F72C6757D400274659 /* VoyageMateUITests.xctest */;
			productType = "com.apple.product-type.bundle.ui-testing";
		};
/* End PBXNativeTarget section */

/* Begin PBXProject section */
		05A4D0CC2C6757D200274659 /* Project object */ = {
			isa = PBXProject;
			attributes = {
				BuildIndependentTargetsInParallel = 1;
				LastSwiftUpdateCheck = 1420;
				LastUpgradeCheck = 1420;
				TargetAttributes = {
					05A4D0D32C6757D200274659 = {
						CreatedOnToolsVersion = 14.2;
					};
					05A4D0EC2C6757D400274659 = {
						CreatedOnToolsVersion = 14.2;
						TestTargetID = 05A4D0D32C6757D200274659;
					};
					05A4D0F62C6757D400274659 = {
						CreatedOnToolsVersion = 14.2;
						TestTargetID = 05A4D0D32C6757D200274659;
					};
				};
			};
			buildConfigurationList = 05A4D0CF2C6757D200274659 /* Build configuration list for PBXProject "VoyageMate" */;
			compatibilityVersion = "Xcode 14.0";
			developmentRegion = en;
			hasScannedForEncodings = 0;
			knownRegions = (
				en,
				Base,
			);
			mainGroup = 05A4D0CB2C6757D200274659;
			productRefGroup = 05A4D0D52C6757D200274659 /* Products */;
			projectDirPath = "";
			projectRoot = "";
			targets = (
				05A4D0D32C6757D200274659 /* VoyageMate */,
				05A4D0EC2C6757D400274659 /* VoyageMateTests */,
				05A4D0F62C6757D400274659 /* VoyageMateUITests */,
			);
		};
/* End PBXProject section */

/* Begin PBXResourcesBuildPhase section */
		05A4D0D22C6757D200274659 /* Resources */ = {
			isa = PBXResourcesBuildPhase;
			buildActionMask = 2147483647;
			files = (
				05A4D0E72C6757D400274659 /* LaunchScreen.storyboard in Resources */,
				05A4D0E42C6757D400274659 /* Assets.xcassets in Resources */,
				05A4D0DF2C6757D200274659 /* Main.storyboard in Resources */,
			);
			runOnlyForDeploymentPostprocessing = 0;
		};
		05A4D0EB2C6757D400274659 /* Resources */ = {
			isa = PBXResourcesBuildPhase;
			buildActionMask = 2147483647;
			files = (
			);
			runOnlyForDeploymentPostprocessing = 0;
		};
		05A4D0F52C6757D400274659 /* Resources */ = {
			isa = PBXResourcesBuildPhase;
			buildActionMask = 2147483647;
			files = (
			);
			runOnlyForDeploymentPostprocessing = 0;
		};
/* End PBXResourcesBuildPhase section */

/* Begin PBXSourcesBuildPhase section */
		05A4D0D02C6757D200274659 /* Sources */ = {
			isa = PBXSourcesBuildPhase;
			buildActionMask = 2147483647;
			files = (
				E73BE7092C6AA546000D6A9C /* Trip+CoreDataProperties.swift in Sources */,
				E76B8FFC2C6BEE1000D2ADB4 /* Landmark.swift in Sources */,
				E73BE70D2C6AA950000D6A9C /* Trip+CoreDataExtend.swift in Sources */,
				0556721C2C69130800B39E38 /* TripViewController.swift in Sources */,
				05A4D0DC2C6757D200274659 /* ViewController.swift in Sources */,
				E73BE7122C6AC845000D6A9C /* TabBarViewController.swift in Sources */,
				E75304632C6FF64C00DCE20B /* ForecastTableViewCell.swift in Sources */,
				050819542C69B0B800AFD9FF /* CostViewController.swift in Sources */,
				0556721F2C691E6900B39E38 /* TripTableViewCell.swift in Sources */,
				05A4D0E22C6757D200274659 /* VoyageMate.xcdatamodeld in Sources */,
				E75304682C7141A000DCE20B /* AboutViewController.swift in Sources */,
				055672212C6920E700B39E38 /* TripFormViewController.swift in Sources */,
				E75304612C6FDAAB00DCE20B /* ForecastViewController.swift in Sources */,
				05A4D0D82C6757D200274659 /* AppDelegate.swift in Sources */,
				E75304592C6FD1AF00DCE20B /* WeatherAPI.swift in Sources */,
				E73BE70A2C6AA546000D6A9C /* Cost+CoreDataClass.swift in Sources */,
				E753045B2C6FD3EA00DCE20B /* Settings.prod.swift in Sources */,
				E75304662C70FCA900DCE20B /* TextArea.swift in Sources */,
				E73BE7082C6AA546000D6A9C /* Trip+CoreDataClass.swift in Sources */,
				E75304562C6FD11F00DCE20B /* Weather.swift in Sources */,
				050819562C69B13500AFD9FF /* CostFormViewController.swift in Sources */,
				05F4F96D2C698120004961C2 /* TripDetailsViewController.swift in Sources */,
				E73BE70B2C6AA546000D6A9C /* Cost+CoreDataProperties.swift in Sources */,
				E753045D2C6FD41300DCE20B /* Settings.dev.swift in Sources */,
				05A4D0DA2C6757D200274659 /* SceneDelegate.swift in Sources */,
				055672232C69732C00B39E38 /* HomeViewController.swift in Sources */,
				E75B0ED82C6FC381005D69CC /* CostTableViewCell.swift in Sources */,
				050819582C69B17100AFD9FF /* MapViewController.swift in Sources */,
			);
			runOnlyForDeploymentPostprocessing = 0;
		};
		05A4D0E92C6757D400274659 /* Sources */ = {
			isa = PBXSourcesBuildPhase;
			buildActionMask = 2147483647;
			files = (
				05A4D0F22C6757D400274659 /* VoyageMateTests.swift in Sources */,
			);
			runOnlyForDeploymentPostprocessing = 0;
		};
		05A4D0F32C6757D400274659 /* Sources */ = {
			isa = PBXSourcesBuildPhase;
			buildActionMask = 2147483647;
			files = (
				05A4D0FE2C6757D400274659 /* VoyageMateUITestsLaunchTests.swift in Sources */,
				05A4D0FC2C6757D400274659 /* VoyageMateUITests.swift in Sources */,
			);
			runOnlyForDeploymentPostprocessing = 0;
		};
/* End PBXSourcesBuildPhase section */

/* Begin PBXTargetDependency section */
		05A4D0EF2C6757D400274659 /* PBXTargetDependency */ = {
			isa = PBXTargetDependency;
			target = 05A4D0D32C6757D200274659 /* VoyageMate */;
			targetProxy = 05A4D0EE2C6757D400274659 /* PBXContainerItemProxy */;
		};
		05A4D0F92C6757D400274659 /* PBXTargetDependency */ = {
			isa = PBXTargetDependency;
			target = 05A4D0D32C6757D200274659 /* VoyageMate */;
			targetProxy = 05A4D0F82C6757D400274659 /* PBXContainerItemProxy */;
		};
/* End PBXTargetDependency section */

/* Begin PBXVariantGroup section */
		05A4D0DD2C6757D200274659 /* Main.storyboard */ = {
			isa = PBXVariantGroup;
			children = (
				05A4D0DE2C6757D200274659 /* Base */,
			);
			name = Main.storyboard;
			sourceTree = "<group>";
		};
		05A4D0E52C6757D400274659 /* LaunchScreen.storyboard */ = {
			isa = PBXVariantGroup;
			children = (
				05A4D0E62C6757D400274659 /* Base */,
			);
			name = LaunchScreen.storyboard;
			sourceTree = "<group>";
		};
/* End PBXVariantGroup section */

/* Begin XCBuildConfiguration section */
		05A4D0FF2C6757D400274659 /* Debug */ = {
			isa = XCBuildConfiguration;
			buildSettings = {
				ALWAYS_SEARCH_USER_PATHS = NO;
				CLANG_ANALYZER_NONNULL = YES;
				CLANG_ANALYZER_NUMBER_OBJECT_CONVERSION = YES_AGGRESSIVE;
				CLANG_CXX_LANGUAGE_STANDARD = "gnu++20";
				CLANG_ENABLE_MODULES = YES;
				CLANG_ENABLE_OBJC_ARC = YES;
				CLANG_ENABLE_OBJC_WEAK = YES;
				CLANG_WARN_BLOCK_CAPTURE_AUTORELEASING = YES;
				CLANG_WARN_BOOL_CONVERSION = YES;
				CLANG_WARN_COMMA = YES;
				CLANG_WARN_CONSTANT_CONVERSION = YES;
				CLANG_WARN_DEPRECATED_OBJC_IMPLEMENTATIONS = YES;
				CLANG_WARN_DIRECT_OBJC_ISA_USAGE = YES_ERROR;
				CLANG_WARN_DOCUMENTATION_COMMENTS = YES;
				CLANG_WARN_EMPTY_BODY = YES;
				CLANG_WARN_ENUM_CONVERSION = YES;
				CLANG_WARN_INFINITE_RECURSION = YES;
				CLANG_WARN_INT_CONVERSION = YES;
				CLANG_WARN_NON_LITERAL_NULL_CONVERSION = YES;
				CLANG_WARN_OBJC_IMPLICIT_RETAIN_SELF = YES;
				CLANG_WARN_OBJC_LITERAL_CONVERSION = YES;
				CLANG_WARN_OBJC_ROOT_CLASS = YES_ERROR;
				CLANG_WARN_QUOTED_INCLUDE_IN_FRAMEWORK_HEADER = YES;
				CLANG_WARN_RANGE_LOOP_ANALYSIS = YES;
				CLANG_WARN_STRICT_PROTOTYPES = YES;
				CLANG_WARN_SUSPICIOUS_MOVE = YES;
				CLANG_WARN_UNGUARDED_AVAILABILITY = YES_AGGRESSIVE;
				CLANG_WARN_UNREACHABLE_CODE = YES;
				CLANG_WARN__DUPLICATE_METHOD_MATCH = YES;
				COPY_PHASE_STRIP = NO;
				DEBUG_INFORMATION_FORMAT = dwarf;
				ENABLE_STRICT_OBJC_MSGSEND = YES;
				ENABLE_TESTABILITY = YES;
				GCC_C_LANGUAGE_STANDARD = gnu11;
				GCC_DYNAMIC_NO_PIC = NO;
				GCC_NO_COMMON_BLOCKS = YES;
				GCC_OPTIMIZATION_LEVEL = 0;
				GCC_PREPROCESSOR_DEFINITIONS = (
					"DEBUG=1",
					"$(inherited)",
				);
				GCC_WARN_64_TO_32_BIT_CONVERSION = YES;
				GCC_WARN_ABOUT_RETURN_TYPE = YES_ERROR;
				GCC_WARN_UNDECLARED_SELECTOR = YES;
				GCC_WARN_UNINITIALIZED_AUTOS = YES_AGGRESSIVE;
				GCC_WARN_UNUSED_FUNCTION = YES;
				GCC_WARN_UNUSED_VARIABLE = YES;
				IPHONEOS_DEPLOYMENT_TARGET = 16.2;
				MTL_ENABLE_DEBUG_INFO = INCLUDE_SOURCE;
				MTL_FAST_MATH = YES;
				ONLY_ACTIVE_ARCH = YES;
				SDKROOT = iphoneos;
				SWIFT_ACTIVE_COMPILATION_CONDITIONS = DEBUG;
				SWIFT_OPTIMIZATION_LEVEL = "-Onone";
			};
			name = Debug;
		};
		05A4D1002C6757D400274659 /* Release */ = {
			isa = XCBuildConfiguration;
			buildSettings = {
				ALWAYS_SEARCH_USER_PATHS = NO;
				CLANG_ANALYZER_NONNULL = YES;
				CLANG_ANALYZER_NUMBER_OBJECT_CONVERSION = YES_AGGRESSIVE;
				CLANG_CXX_LANGUAGE_STANDARD = "gnu++20";
				CLANG_ENABLE_MODULES = YES;
				CLANG_ENABLE_OBJC_ARC = YES;
				CLANG_ENABLE_OBJC_WEAK = YES;
				CLANG_WARN_BLOCK_CAPTURE_AUTORELEASING = YES;
				CLANG_WARN_BOOL_CONVERSION = YES;
				CLANG_WARN_COMMA = YES;
				CLANG_WARN_CONSTANT_CONVERSION = YES;
				CLANG_WARN_DEPRECATED_OBJC_IMPLEMENTATIONS = YES;
				CLANG_WARN_DIRECT_OBJC_ISA_USAGE = YES_ERROR;
				CLANG_WARN_DOCUMENTATION_COMMENTS = YES;
				CLANG_WARN_EMPTY_BODY = YES;
				CLANG_WARN_ENUM_CONVERSION = YES;
				CLANG_WARN_INFINITE_RECURSION = YES;
				CLANG_WARN_INT_CONVERSION = YES;
				CLANG_WARN_NON_LITERAL_NULL_CONVERSION = YES;
				CLANG_WARN_OBJC_IMPLICIT_RETAIN_SELF = YES;
				CLANG_WARN_OBJC_LITERAL_CONVERSION = YES;
				CLANG_WARN_OBJC_ROOT_CLASS = YES_ERROR;
				CLANG_WARN_QUOTED_INCLUDE_IN_FRAMEWORK_HEADER = YES;
				CLANG_WARN_RANGE_LOOP_ANALYSIS = YES;
				CLANG_WARN_STRICT_PROTOTYPES = YES;
				CLANG_WARN_SUSPICIOUS_MOVE = YES;
				CLANG_WARN_UNGUARDED_AVAILABILITY = YES_AGGRESSIVE;
				CLANG_WARN_UNREACHABLE_CODE = YES;
				CLANG_WARN__DUPLICATE_METHOD_MATCH = YES;
				COPY_PHASE_STRIP = NO;
				DEBUG_INFORMATION_FORMAT = "dwarf-with-dsym";
				ENABLE_NS_ASSERTIONS = NO;
				ENABLE_STRICT_OBJC_MSGSEND = YES;
				GCC_C_LANGUAGE_STANDARD = gnu11;
				GCC_NO_COMMON_BLOCKS = YES;
				GCC_WARN_64_TO_32_BIT_CONVERSION = YES;
				GCC_WARN_ABOUT_RETURN_TYPE = YES_ERROR;
				GCC_WARN_UNDECLARED_SELECTOR = YES;
				GCC_WARN_UNINITIALIZED_AUTOS = YES_AGGRESSIVE;
				GCC_WARN_UNUSED_FUNCTION = YES;
				GCC_WARN_UNUSED_VARIABLE = YES;
				IPHONEOS_DEPLOYMENT_TARGET = 16.2;
				MTL_ENABLE_DEBUG_INFO = NO;
				MTL_FAST_MATH = YES;
				SDKROOT = iphoneos;
				SWIFT_COMPILATION_MODE = wholemodule;
				SWIFT_OPTIMIZATION_LEVEL = "-O";
				VALIDATE_PRODUCT = YES;
			};
			name = Release;
		};
		05A4D1022C6757D400274659 /* Debug */ = {
			isa = XCBuildConfiguration;
			buildSettings = {
				ASSETCATALOG_COMPILER_APPICON_NAME = AppIcon;
				ASSETCATALOG_COMPILER_GLOBAL_ACCENT_COLOR_NAME = AccentColor;
				CODE_SIGN_STYLE = Automatic;
				CURRENT_PROJECT_VERSION = 1;
				GENERATE_INFOPLIST_FILE = YES;
				INFOPLIST_FILE = VoyageMate/Info.plist;
				INFOPLIST_KEY_NSLocationAlwaysAndWhenInUseUsageDescription = "We need your location to show nearby landmarks and provide navigation even when the app is in the background.";
				INFOPLIST_KEY_NSLocationWhenInUseUsageDescription = "We need your location to show nearby landmarks and provide navigation.";
				INFOPLIST_KEY_UIApplicationSupportsIndirectInputEvents = YES;
				INFOPLIST_KEY_UILaunchStoryboardName = LaunchScreen;
				INFOPLIST_KEY_UIMainStoryboardFile = Main;
				INFOPLIST_KEY_UISupportedInterfaceOrientations = UIInterfaceOrientationPortrait;
				INFOPLIST_KEY_UISupportedInterfaceOrientations_iPad = "UIInterfaceOrientationLandscapeLeft UIInterfaceOrientationLandscapeRight UIInterfaceOrientationPortrait UIInterfaceOrientationPortraitUpsideDown";
				LD_RUNPATH_SEARCH_PATHS = (
					"$(inherited)",
					"@executable_path/Frameworks",
				);
				MARKETING_VERSION = 1.0;
				PRODUCT_BUNDLE_IDENTIFIER = app.bruner.VoyageMate;
				PRODUCT_NAME = "$(TARGET_NAME)";
				SUPPORTED_PLATFORMS = "iphoneos iphonesimulator";
				SUPPORTS_MACCATALYST = NO;
				SUPPORTS_MAC_DESIGNED_FOR_IPHONE_IPAD = NO;
				SWIFT_EMIT_LOC_STRINGS = YES;
				SWIFT_VERSION = 5.0;
				TARGETED_DEVICE_FAMILY = 1;
			};
			name = Debug;
		};
		05A4D1032C6757D400274659 /* Release */ = {
			isa = XCBuildConfiguration;
			buildSettings = {
				ASSETCATALOG_COMPILER_APPICON_NAME = AppIcon;
				ASSETCATALOG_COMPILER_GLOBAL_ACCENT_COLOR_NAME = AccentColor;
				CODE_SIGN_STYLE = Automatic;
				CURRENT_PROJECT_VERSION = 1;
				GENERATE_INFOPLIST_FILE = YES;
				INFOPLIST_FILE = VoyageMate/Info.plist;
				INFOPLIST_KEY_NSLocationAlwaysAndWhenInUseUsageDescription = "We need your location to show nearby landmarks and provide navigation even when the app is in the background.";
				INFOPLIST_KEY_NSLocationWhenInUseUsageDescription = "We need your location to show nearby landmarks and provide navigation.";
				INFOPLIST_KEY_UIApplicationSupportsIndirectInputEvents = YES;
				INFOPLIST_KEY_UILaunchStoryboardName = LaunchScreen;
				INFOPLIST_KEY_UIMainStoryboardFile = Main;
				INFOPLIST_KEY_UISupportedInterfaceOrientations = UIInterfaceOrientationPortrait;
				INFOPLIST_KEY_UISupportedInterfaceOrientations_iPad = "UIInterfaceOrientationLandscapeLeft UIInterfaceOrientationLandscapeRight UIInterfaceOrientationPortrait UIInterfaceOrientationPortraitUpsideDown";
				LD_RUNPATH_SEARCH_PATHS = (
					"$(inherited)",
					"@executable_path/Frameworks",
				);
				MARKETING_VERSION = 1.0;
				PRODUCT_BUNDLE_IDENTIFIER = app.bruner.VoyageMate;
				PRODUCT_NAME = "$(TARGET_NAME)";
				SUPPORTED_PLATFORMS = "iphoneos iphonesimulator";
				SUPPORTS_MACCATALYST = NO;
				SUPPORTS_MAC_DESIGNED_FOR_IPHONE_IPAD = NO;
				SWIFT_EMIT_LOC_STRINGS = YES;
				SWIFT_VERSION = 5.0;
				TARGETED_DEVICE_FAMILY = 1;
			};
			name = Release;
		};
		05A4D1052C6757D400274659 /* Debug */ = {
			isa = XCBuildConfiguration;
			buildSettings = {
				ALWAYS_EMBED_SWIFT_STANDARD_LIBRARIES = YES;
				BUNDLE_LOADER = "$(TEST_HOST)";
				CODE_SIGN_STYLE = Automatic;
				CURRENT_PROJECT_VERSION = 1;
				GENERATE_INFOPLIST_FILE = YES;
				IPHONEOS_DEPLOYMENT_TARGET = 16.2;
				MARKETING_VERSION = 1.0;
				PRODUCT_BUNDLE_IDENTIFIER = app.bruner.VoyageMateTests;
				PRODUCT_NAME = "$(TARGET_NAME)";
				SWIFT_EMIT_LOC_STRINGS = NO;
				SWIFT_VERSION = 5.0;
				TARGETED_DEVICE_FAMILY = "1,2";
				TEST_HOST = "$(BUILT_PRODUCTS_DIR)/VoyageMate.app/$(BUNDLE_EXECUTABLE_FOLDER_PATH)/VoyageMate";
			};
			name = Debug;
		};
		05A4D1062C6757D400274659 /* Release */ = {
			isa = XCBuildConfiguration;
			buildSettings = {
				ALWAYS_EMBED_SWIFT_STANDARD_LIBRARIES = YES;
				BUNDLE_LOADER = "$(TEST_HOST)";
				CODE_SIGN_STYLE = Automatic;
				CURRENT_PROJECT_VERSION = 1;
				GENERATE_INFOPLIST_FILE = YES;
				IPHONEOS_DEPLOYMENT_TARGET = 16.2;
				MARKETING_VERSION = 1.0;
				PRODUCT_BUNDLE_IDENTIFIER = app.bruner.VoyageMateTests;
				PRODUCT_NAME = "$(TARGET_NAME)";
				SWIFT_EMIT_LOC_STRINGS = NO;
				SWIFT_VERSION = 5.0;
				TARGETED_DEVICE_FAMILY = "1,2";
				TEST_HOST = "$(BUILT_PRODUCTS_DIR)/VoyageMate.app/$(BUNDLE_EXECUTABLE_FOLDER_PATH)/VoyageMate";
			};
			name = Release;
		};
		05A4D1082C6757D400274659 /* Debug */ = {
			isa = XCBuildConfiguration;
			buildSettings = {
				ALWAYS_EMBED_SWIFT_STANDARD_LIBRARIES = YES;
				CODE_SIGN_STYLE = Automatic;
				CURRENT_PROJECT_VERSION = 1;
				GENERATE_INFOPLIST_FILE = YES;
				MARKETING_VERSION = 1.0;
				PRODUCT_BUNDLE_IDENTIFIER = app.bruner.VoyageMateUITests;
				PRODUCT_NAME = "$(TARGET_NAME)";
				SWIFT_EMIT_LOC_STRINGS = NO;
				SWIFT_VERSION = 5.0;
				TARGETED_DEVICE_FAMILY = "1,2";
				TEST_TARGET_NAME = VoyageMate;
			};
			name = Debug;
		};
		05A4D1092C6757D400274659 /* Release */ = {
			isa = XCBuildConfiguration;
			buildSettings = {
				ALWAYS_EMBED_SWIFT_STANDARD_LIBRARIES = YES;
				CODE_SIGN_STYLE = Automatic;
				CURRENT_PROJECT_VERSION = 1;
				GENERATE_INFOPLIST_FILE = YES;
				MARKETING_VERSION = 1.0;
				PRODUCT_BUNDLE_IDENTIFIER = app.bruner.VoyageMateUITests;
				PRODUCT_NAME = "$(TARGET_NAME)";
				SWIFT_EMIT_LOC_STRINGS = NO;
				SWIFT_VERSION = 5.0;
				TARGETED_DEVICE_FAMILY = "1,2";
				TEST_TARGET_NAME = VoyageMate;
			};
			name = Release;
		};
/* End XCBuildConfiguration section */

/* Begin XCConfigurationList section */
		05A4D0CF2C6757D200274659 /* Build configuration list for PBXProject "VoyageMate" */ = {
			isa = XCConfigurationList;
			buildConfigurations = (
				05A4D0FF2C6757D400274659 /* Debug */,
				05A4D1002C6757D400274659 /* Release */,
			);
			defaultConfigurationIsVisible = 0;
			defaultConfigurationName = Release;
		};
		05A4D1012C6757D400274659 /* Build configuration list for PBXNativeTarget "VoyageMate" */ = {
			isa = XCConfigurationList;
			buildConfigurations = (
				05A4D1022C6757D400274659 /* Debug */,
				05A4D1032C6757D400274659 /* Release */,
			);
			defaultConfigurationIsVisible = 0;
			defaultConfigurationName = Release;
		};
		05A4D1042C6757D400274659 /* Build configuration list for PBXNativeTarget "VoyageMateTests" */ = {
			isa = XCConfigurationList;
			buildConfigurations = (
				05A4D1052C6757D400274659 /* Debug */,
				05A4D1062C6757D400274659 /* Release */,
			);
			defaultConfigurationIsVisible = 0;
			defaultConfigurationName = Release;
		};
		05A4D1072C6757D400274659 /* Build configuration list for PBXNativeTarget "VoyageMateUITests" */ = {
			isa = XCConfigurationList;
			buildConfigurations = (
				05A4D1082C6757D400274659 /* Debug */,
				05A4D1092C6757D400274659 /* Release */,
			);
			defaultConfigurationIsVisible = 0;
			defaultConfigurationName = Release;
		};
/* End XCConfigurationList section */

/* Begin XCVersionGroup section */
		05A4D0E02C6757D200274659 /* VoyageMate.xcdatamodeld */ = {
			isa = XCVersionGroup;
			children = (
				05A4D0E12C6757D200274659 /* VoyageMate.xcdatamodel */,
			);
			currentVersion = 05A4D0E12C6757D200274659 /* VoyageMate.xcdatamodel */;
			path = VoyageMate.xcdatamodeld;
			sourceTree = "<group>";
			versionGroupType = wrapper.xcdatamodel;
		};
/* End XCVersionGroup section */
	};
	rootObject = 05A4D0CC2C6757D200274659 /* Project object */;
}
